// !$*UTF8*$!
{
	archiveVersion = 1;
	classes = {
	};
	objectVersion = 46;
	objects = {

/* Begin PBXBuildFile section */
		D51A431F1E9C5C8D00B7FD5F /* GraffitiDetialViewController.swift in Sources */ = {isa = PBXBuildFile; fileRef = D51A431E1E9C5C8D00B7FD5F /* GraffitiDetialViewController.swift */; };
		D51A43211E9C5F6400B7FD5F /* Graffiti.swift in Sources */ = {isa = PBXBuildFile; fileRef = D51A43201E9C5F6400B7FD5F /* Graffiti.swift */; };
		D522B83C1E9DB3460079770E /* GraffitiManager.swift in Sources */ = {isa = PBXBuildFile; fileRef = D522B83B1E9DB3460079770E /* GraffitiManager.swift */; };
		D5A8F3831E9F0E1C00B3D38D /* GraffitiImageViewController.swift in Sources */ = {isa = PBXBuildFile; fileRef = D5A8F3821E9F0E1C00B3D38D /* GraffitiImageViewController.swift */; };
		D5C57EB31E9BF0B800D06E09 /* MapKit.framework in Frameworks */ = {isa = PBXBuildFile; fileRef = D5C57EB21E9BF0B800D06E09 /* MapKit.framework */; };
		D5FD1A921E9B0AC10068F349 /* AppDelegate.swift in Sources */ = {isa = PBXBuildFile; fileRef = D5FD1A911E9B0AC10068F349 /* AppDelegate.swift */; };
		D5FD1A941E9B0AC10068F349 /* CurrentViewController.swift in Sources */ = {isa = PBXBuildFile; fileRef = D5FD1A931E9B0AC10068F349 /* CurrentViewController.swift */; };
		D5FD1A971E9B0AC10068F349 /* Main.storyboard in Resources */ = {isa = PBXBuildFile; fileRef = D5FD1A951E9B0AC10068F349 /* Main.storyboard */; };
		D5FD1A991E9B0AC10068F349 /* Assets.xcassets in Resources */ = {isa = PBXBuildFile; fileRef = D5FD1A981E9B0AC10068F349 /* Assets.xcassets */; };
		D5FD1A9C1E9B0AC10068F349 /* LaunchScreen.storyboard in Resources */ = {isa = PBXBuildFile; fileRef = D5FD1A9A1E9B0AC10068F349 /* LaunchScreen.storyboard */; };
/* End PBXBuildFile section */

/* Begin PBXFileReference section */
		D51A431E1E9C5C8D00B7FD5F /* GraffitiDetialViewController.swift */ = {isa = PBXFileReference; fileEncoding = 4; lastKnownFileType = sourcecode.swift; path = GraffitiDetialViewController.swift; sourceTree = "<group>"; };
		D51A43201E9C5F6400B7FD5F /* Graffiti.swift */ = {isa = PBXFileReference; fileEncoding = 4; lastKnownFileType = sourcecode.swift; path = Graffiti.swift; sourceTree = "<group>"; };
		D522B83B1E9DB3460079770E /* GraffitiManager.swift */ = {isa = PBXFileReference; fileEncoding = 4; lastKnownFileType = sourcecode.swift; path = GraffitiManager.swift; sourceTree = "<group>"; };
		D5A8F3821E9F0E1C00B3D38D /* GraffitiImageViewController.swift */ = {isa = PBXFileReference; fileEncoding = 4; lastKnownFileType = sourcecode.swift; path = GraffitiImageViewController.swift; sourceTree = "<group>"; };
		D5C57EB21E9BF0B800D06E09 /* MapKit.framework */ = {isa = PBXFileReference; lastKnownFileType = wrapper.framework; name = MapKit.framework; path = System/Library/Frameworks/MapKit.framework; sourceTree = SDKROOT; };
		D5FD1A8E1E9B0AC10068F349 /* GrafitiMap.app */ = {isa = PBXFileReference; explicitFileType = wrapper.application; includeInIndex = 0; path = GrafitiMap.app; sourceTree = BUILT_PRODUCTS_DIR; };
		D5FD1A911E9B0AC10068F349 /* AppDelegate.swift */ = {isa = PBXFileReference; lastKnownFileType = sourcecode.swift; path = AppDelegate.swift; sourceTree = "<group>"; };
		D5FD1A931E9B0AC10068F349 /* CurrentViewController.swift */ = {isa = PBXFileReference; lastKnownFileType = sourcecode.swift; path = CurrentViewController.swift; sourceTree = "<group>"; };
		D5FD1A961E9B0AC10068F349 /* Base */ = {isa = PBXFileReference; lastKnownFileType = file.storyboard; name = Base; path = Base.lproj/Main.storyboard; sourceTree = "<group>"; };
		D5FD1A981E9B0AC10068F349 /* Assets.xcassets */ = {isa = PBXFileReference; lastKnownFileType = folder.assetcatalog; path = Assets.xcassets; sourceTree = "<group>"; };
		D5FD1A9B1E9B0AC10068F349 /* Base */ = {isa = PBXFileReference; lastKnownFileType = file.storyboard; name = Base; path = Base.lproj/LaunchScreen.storyboard; sourceTree = "<group>"; };
		D5FD1A9D1E9B0AC10068F349 /* Info.plist */ = {isa = PBXFileReference; lastKnownFileType = text.plist.xml; path = Info.plist; sourceTree = "<group>"; };
/* End PBXFileReference section */

/* Begin PBXFrameworksBuildPhase section */
		D5FD1A8B1E9B0AC10068F349 /* Frameworks */ = {
			isa = PBXFrameworksBuildPhase;
			buildActionMask = 2147483647;
			files = (
				D5C57EB31E9BF0B800D06E09 /* MapKit.framework in Frameworks */,
			);
			runOnlyForDeploymentPostprocessing = 0;
		};
/* End PBXFrameworksBuildPhase section */

/* Begin PBXGroup section */
		D5C57EB11E9BF0B800D06E09 /* Frameworks */ = {
			isa = PBXGroup;
			children = (
				D5C57EB21E9BF0B800D06E09 /* MapKit.framework */,
			);
			name = Frameworks;
			sourceTree = "<group>";
		};
		D5FD1A851E9B0AC10068F349 = {
			isa = PBXGroup;
			children = (
				D5FD1A901E9B0AC10068F349 /* GrafitiMap */,
				D5FD1A8F1E9B0AC10068F349 /* Products */,
				D5C57EB11E9BF0B800D06E09 /* Frameworks */,
			);
			sourceTree = "<group>";
		};
		D5FD1A8F1E9B0AC10068F349 /* Products */ = {
			isa = PBXGroup;
			children = (
				D5FD1A8E1E9B0AC10068F349 /* GrafitiMap.app */,
			);
			name = Products;
			sourceTree = "<group>";
		};
		D5FD1A901E9B0AC10068F349 /* GrafitiMap */ = {
			isa = PBXGroup;
			children = (
				D5FD1A911E9B0AC10068F349 /* AppDelegate.swift */,
				D5FD1A931E9B0AC10068F349 /* CurrentViewController.swift */,
				D51A431E1E9C5C8D00B7FD5F /* GraffitiDetialViewController.swift */,
				D51A43201E9C5F6400B7FD5F /* Graffiti.swift */,
				D522B83B1E9DB3460079770E /* GraffitiManager.swift */,
				D5A8F3821E9F0E1C00B3D38D /* GraffitiImageViewController.swift */,
				D5FD1A951E9B0AC10068F349 /* Main.storyboard */,
				D5FD1A981E9B0AC10068F349 /* Assets.xcassets */,
				D5FD1A9A1E9B0AC10068F349 /* LaunchScreen.storyboard */,
				D5FD1A9D1E9B0AC10068F349 /* Info.plist */,
			);
			path = GrafitiMap;
			sourceTree = "<group>";
		};
/* End PBXGroup section */

/* Begin PBXNativeTarget section */
		D5FD1A8D1E9B0AC10068F349 /* GrafitiMap */ = {
			isa = PBXNativeTarget;
			buildConfigurationList = D5FD1AA01E9B0AC10068F349 /* Build configuration list for PBXNativeTarget "GrafitiMap" */;
			buildPhases = (
				D5FD1A8A1E9B0AC10068F349 /* Sources */,
				D5FD1A8B1E9B0AC10068F349 /* Frameworks */,
				D5FD1A8C1E9B0AC10068F349 /* Resources */,
			);
			buildRules = (
			);
			dependencies = (
			);
			name = GrafitiMap;
			productName = GrafitiMap;
			productReference = D5FD1A8E1E9B0AC10068F349 /* GrafitiMap.app */;
			productType = "com.apple.product-type.application";
		};
/* End PBXNativeTarget section */

/* Begin PBXProject section */
		D5FD1A861E9B0AC10068F349 /* Project object */ = {
			isa = PBXProject;
			attributes = {
				LastSwiftUpdateCheck = 0830;
				LastUpgradeCheck = 0830;
				ORGANIZATIONNAME = "Mauricio Figueroa Olivares";
				TargetAttributes = {
					D5FD1A8D1E9B0AC10068F349 = {
						CreatedOnToolsVersion = 8.3;
						DevelopmentTeam = 5355TA2ZTC;
						ProvisioningStyle = Automatic;
					};
				};
			};
			buildConfigurationList = D5FD1A891E9B0AC10068F349 /* Build configuration list for PBXProject "GrafitiMap" */;
			compatibilityVersion = "Xcode 3.2";
			developmentRegion = English;
			hasScannedForEncodings = 0;
			knownRegions = (
				en,
				Base,
			);
			mainGroup = D5FD1A851E9B0AC10068F349;
			productRefGroup = D5FD1A8F1E9B0AC10068F349 /* Products */;
			projectDirPath = "";
			projectRoot = "";
			targets = (
				D5FD1A8D1E9B0AC10068F349 /* GrafitiMap */,
			);
		};
/* End PBXProject section */

/* Begin PBXResourcesBuildPhase section */
		D5FD1A8C1E9B0AC10068F349 /* Resources */ = {
			isa = PBXResourcesBuildPhase;
			buildActionMask = 2147483647;
			files = (
				D5FD1A9C1E9B0AC10068F349 /* LaunchScreen.storyboard in Resources */,
				D5FD1A991E9B0AC10068F349 /* Assets.xcassets in Resources */,
				D5FD1A971E9B0AC10068F349 /* Main.storyboard in Resources */,
			);
			runOnlyForDeploymentPostprocessing = 0;
		};
/* End PBXResourcesBuildPhase section */

/* Begin PBXSourcesBuildPhase section */
		D5FD1A8A1E9B0AC10068F349 /* Sources */ = {
			isa = PBXSourcesBuildPhase;
			buildActionMask = 2147483647;
			files = (
				D5FD1A941E9B0AC10068F349 /* CurrentViewController.swift in Sources */,
				D51A43211E9C5F6400B7FD5F /* Graffiti.swift in Sources */,
				D522B83C1E9DB3460079770E /* GraffitiManager.swift in Sources */,
				D51A431F1E9C5C8D00B7FD5F /* GraffitiDetialViewController.swift in Sources */,
				D5A8F3831E9F0E1C00B3D38D /* GraffitiImageViewController.swift in Sources */,
				D5FD1A921E9B0AC10068F349 /* AppDelegate.swift in Sources */,
			);
			runOnlyForDeploymentPostprocessing = 0;
		};
/* End PBXSourcesBuildPhase section */

/* Begin PBXVariantGroup section */
		D5FD1A951E9B0AC10068F349 /* Main.storyboard */ = {
			isa = PBXVariantGroup;
			children = (
				D5FD1A961E9B0AC10068F349 /* Base */,
			);
			name = Main.storyboard;
			sourceTree = "<group>";
		};
		D5FD1A9A1E9B0AC10068F349 /* LaunchScreen.storyboard */ = {
			isa = PBXVariantGroup;
			children = (
				D5FD1A9B1E9B0AC10068F349 /* Base */,
			);
			name = LaunchScreen.storyboard;
			sourceTree = "<group>";
		};
/* End PBXVariantGroup section */

/* Begin XCBuildConfiguration section */
		D5FD1A9E1E9B0AC10068F349 /* Debug */ = {
			isa = XCBuildConfiguration;
			buildSettings = {
				ALWAYS_SEARCH_USER_PATHS = NO;
				CLANG_ANALYZER_NONNULL = YES;
				CLANG_ANALYZER_NUMBER_OBJECT_CONVERSION = YES_AGGRESSIVE;
				CLANG_CXX_LANGUAGE_STANDARD = "gnu++0x";
				CLANG_CXX_LIBRARY = "libc++";
				CLANG_ENABLE_MODULES = YES;
				CLANG_ENABLE_OBJC_ARC = YES;
				CLANG_WARN_BOOL_CONVERSION = YES;
				CLANG_WARN_CONSTANT_CONVERSION = YES;
				CLANG_WARN_DIRECT_OBJC_ISA_USAGE = YES_ERROR;
				CLANG_WARN_DOCUMENTATION_COMMENTS = YES;
				CLANG_WARN_EMPTY_BODY = YES;
				CLANG_WARN_ENUM_CONVERSION = YES;
				CLANG_WARN_INFINITE_RECURSION = YES;
				CLANG_WARN_INT_CONVERSION = YES;
				CLANG_WARN_OBJC_ROOT_CLASS = YES_ERROR;
				CLANG_WARN_SUSPICIOUS_MOVE = YES;
				CLANG_WARN_UNREACHABLE_CODE = YES;
				CLANG_WARN__DUPLICATE_METHOD_MATCH = YES;
				"CODE_SIGN_IDENTITY[sdk=iphoneos*]" = "iPhone Developer";
				COPY_PHASE_STRIP = NO;
				DEBUG_INFORMATION_FORMAT = dwarf;
				ENABLE_STRICT_OBJC_MSGSEND = YES;
				ENABLE_TESTABILITY = YES;
				GCC_C_LANGUAGE_STANDARD = gnu99;
				GCC_DYNAMIC_NO_PIC = NO;
				GCC_NO_COMMON_BLOCKS = YES;
				GCC_OPTIMIZATION_LEVEL = 0;
				GCC_PREPROCESSOR_DEFINITIONS = (
					"DEBUG=1",
					"$(inherited)",
				);
				GCC_WARN_64_TO_32_BIT_CONVERSION = YES;
				GCC_WARN_ABOUT_RETURN_TYPE = YES_ERROR;
				GCC_WARN_UNDECLARED_SELECTOR = YES;
				GCC_WARN_UNINITIALIZED_AUTOS = YES_AGGRESSIVE;
				GCC_WARN_UNUSED_FUNCTION = YES;
				GCC_WARN_UNUSED_VARIABLE = YES;
				IPHONEOS_DEPLOYMENT_TARGET = 10.3;
				MTL_ENABLE_DEBUG_INFO = YES;
				ONLY_ACTIVE_ARCH = YES;
				SDKROOT = iphoneos;
				SWIFT_ACTIVE_COMPILATION_CONDITIONS = DEBUG;
				SWIFT_OPTIMIZATION_LEVEL = "-Onone";
				TARGETED_DEVICE_FAMILY = "1,2";
			};
			name = Debug;
		};
		D5FD1A9F1E9B0AC10068F349 /* Release */ = {
			isa = XCBuildConfiguration;
			buildSettings = {
				ALWAYS_SEARCH_USER_PATHS = NO;
				CLANG_ANALYZER_NONNULL = YES;
				CLANG_ANALYZER_NUMBER_OBJECT_CONVERSION = YES_AGGRESSIVE;
				CLANG_CXX_LANGUAGE_STANDARD = "gnu++0x";
				CLANG_CXX_LIBRARY = "libc++";
				CLANG_ENABLE_MODULES = YES;
				CLANG_ENABLE_OBJC_ARC = YES;
				CLANG_WARN_BOOL_CONVERSION = YES;
				CLANG_WARN_CONSTANT_CONVERSION = YES;
				CLANG_WARN_DIRECT_OBJC_ISA_USAGE = YES_ERROR;
				CLANG_WARN_DOCUMENTATION_COMMENTS = YES;
				CLANG_WARN_EMPTY_BODY = YES;
				CLANG_WARN_ENUM_CONVERSION = YES;
				CLANG_WARN_INFINITE_RECURSION = YES;
				CLANG_WARN_INT_CONVERSION = YES;
				CLANG_WARN_OBJC_ROOT_CLASS = YES_ERROR;
				CLANG_WARN_SUSPICIOUS_MOVE = YES;
				CLANG_WARN_UNREACHABLE_CODE = YES;
				CLANG_WARN__DUPLICATE_METHOD_MATCH = YES;
				"CODE_SIGN_IDENTITY[sdk=iphoneos*]" = "iPhone Developer";
				COPY_PHASE_STRIP = NO;
				DEBUG_INFORMATION_FORMAT = "dwarf-with-dsym";
				ENABLE_NS_ASSERTIONS = NO;
				ENABLE_STRICT_OBJC_MSGSEND = YES;
				GCC_C_LANGUAGE_STANDARD = gnu99;
				GCC_NO_COMMON_BLOCKS = YES;
				GCC_WARN_64_TO_32_BIT_CONVERSION = YES;
				GCC_WARN_ABOUT_RETURN_TYPE = YES_ERROR;
				GCC_WARN_UNDECLARED_SELECTOR = YES;
				GCC_WARN_UNINITIALIZED_AUTOS = YES_AGGRESSIVE;
				GCC_WARN_UNUSED_FUNCTION = YES;
				GCC_WARN_UNUSED_VARIABLE = YES;
				IPHONEOS_DEPLOYMENT_TARGET = 10.3;
				MTL_ENABLE_DEBUG_INFO = NO;
				SDKROOT = iphoneos;
				SWIFT_OPTIMIZATION_LEVEL = "-Owholemodule";
				TARGETED_DEVICE_FAMILY = "1,2";
				VALIDATE_PRODUCT = YES;
			};
			name = Release;
		};
		D5FD1AA11E9B0AC10068F349 /* Debug */ = {
			isa = XCBuildConfiguration;
			buildSettings = {
				ASSETCATALOG_COMPILER_APPICON_NAME = AppIcon;
				DEVELOPMENT_TEAM = 5355TA2ZTC;
				INFOPLIST_FILE = GrafitiMap/Info.plist;
				LD_RUNPATH_SEARCH_PATHS = "$(inherited) @executable_path/Frameworks";
				PRODUCT_BUNDLE_IDENTIFIER = com.mauriciofigueroa.GrafitiMap;
				PRODUCT_NAME = "$(TARGET_NAME)";
				SWIFT_VERSION = 3.0;
			};
			name = Debug;
		};
		D5FD1AA21E9B0AC10068F349 /* Release */ = {
			isa = XCBuildConfiguration;
			buildSettings = {
				ASSETCATALOG_COMPILER_APPICON_NAME = AppIcon;
				DEVELOPMENT_TEAM = 5355TA2ZTC;
				INFOPLIST_FILE = GrafitiMap/Info.plist;
				LD_RUNPATH_SEARCH_PATHS = "$(inherited) @executable_path/Frameworks";
				PRODUCT_BUNDLE_IDENTIFIER = com.mauriciofigueroa.GrafitiMap;
				PRODUCT_NAME = "$(TARGET_NAME)";
				SWIFT_VERSION = 3.0;
			};
			name = Release;
		};
/* End XCBuildConfiguration section */

/* Begin XCConfigurationList section */
		D5FD1A891E9B0AC10068F349 /* Build configuration list for PBXProject "GrafitiMap" */ = {
			isa = XCConfigurationList;
			buildConfigurations = (
				D5FD1A9E1E9B0AC10068F349 /* Debug */,
				D5FD1A9F1E9B0AC10068F349 /* Release */,
			);
			defaultConfigurationIsVisible = 0;
			defaultConfigurationName = Release;
		};
		D5FD1AA01E9B0AC10068F349 /* Build configuration list for PBXNativeTarget "GrafitiMap" */ = {
			isa = XCConfigurationList;
			buildConfigurations = (
				D5FD1AA11E9B0AC10068F349 /* Debug */,
				D5FD1AA21E9B0AC10068F349 /* Release */,
			);
			defaultConfigurationIsVisible = 0;
			defaultConfigurationName = Release;
		};
/* End XCConfigurationList section */
	};
	rootObject = D5FD1A861E9B0AC10068F349 /* Project object */;
}
